{
  "nodes": {
    "flag": {
      "inputs": {
        "nixpkgs": [
          "nixpkgs"
        ]
      },
      "locked": {
        "lastModified": 1788664004,
        "narHash": "sha256-Sl1Nxx5/WrdojPYpnuGQaSPu9h9ms21KprKbKOddkAI=",
        "ref": "main",
        "rev": "bc4dd82c841a40266afb241520be6f89098a3c8e",
        "revCount": 171,
        "type": "git",
        "url": "ssh://git@github.com/withxat/Flag.git"
      },
      "original": {
        "ref": "main",
        "type": "git",
        "url": "ssh://git@github.com/withxat/Flag.git"
      }
    },
    "nixpkgs": {
      "locked": {
        "lastModified": 1780902259,
        "narHash": "sha256-q8yYEC5f1mFlQO9RGna4LTc9QrcvWunX6FYp83munkQ=",
        "owner": "NixOS",
        "repo": "nixpkgs",
        "rev": "bd0ff2d3eac24699c3664d5966b9ef36f388e2ca",
        "type": "github"
      },
      "original": {
        "owner": "NixOS",
        "ref": "nixos-26.05",
        "repo": "nixpkgs",
        "type": "github"
      }
    },
    "root": {
      "inputs": {
        "flag": "flag",
        "nixpkgs": "nixpkgs"
      }
    }
  },
  "root": "root",
  "version": 7
}
