{
  "nodes": {
    "flag": {
      "inputs": {
        "nixpkgs": [
          "nixpkgs"
        ]
      },
      "locked": {
        "lastModified": 1788671813,
        "narHash": "sha256-K6Pwy2JMwVsknIBY5YGCxZlA+iGollRksk7gt1IahqI=",
        "ref": "main",
        "rev": "3f661f7b420c91ebcc11859cc2ff544db7b5f47c",
        "revCount": 184,
        "type": "git",
        "url": "ssh://git@github.com/withxat/Flag.git"
      },
      "original": {
        "ref": "main",
        "type": "git",
        "url": "ssh://git@github.com/withxat/Flag.git"
      }
    },
    "nixpkgs": {
      "locked": {
        "lastModified": 1780902259,
        "narHash": "sha256-q8yYEC5f1mFlQO9RGna4LTc9QrcvWunX6FYp83munkQ=",
        "owner": "NixOS",
        "repo": "nixpkgs",
        "rev": "bd0ff2d3eac24699c3664d5966b9ef36f388e2ca",
        "type": "github"
      },
      "original": {
        "owner": "NixOS",
        "ref": "nixos-26.05",
        "repo": "nixpkgs",
        "type": "github"
      }
    },
    "root": {
      "inputs": {
        "flag": "flag",
        "nixpkgs": "nixpkgs"
      }
    }
  },
  "root": "root",
  "version": 7
}
